{
    "name": "tp",
    "version": "1.0.0",
    "lockfileVersion": 3,
    "requires": true,
    "packages": {
        "": {
            "name": "tp",
            "version": "1.0.0",
            "license": "ISC",
            "dependencies": {
                "tp": "file:"
            }
        },
        "node_modules/tp": {
            "resolved": "",
            "link": true
        }
    }
}
